
Microsoft Visual Studio Solution File, Format Version 12.00
# Visual Studio Version 17
VisualStudioVersion = 17.12.35521.163
MinimumVisualStudioVersion = 10.0.40219.1
Project("{FAE04EC0-301F-11D3-BF4B-00C04F79EFBC}") = "DayOne", "DayOne\DayOne.csproj", "{C9BAE8F8-BCF0-491F-9986-4BE1D691045C}"
EndProject
Project("{FAE04EC0-301F-11D3-BF4B-00C04F79EFBC}") = "DayTwo", "DayTwo\DayTwo.csproj", "{42A8A203-FA8F-4F36-868E-618AA1A18A15}"
EndProject
Project("{FAE04EC0-301F-11D3-BF4B-00C04F79EFBC}") = "DayThree", "DayThree\DayThree.csproj", "{F836728C-6476-4A34-8665-6FC7BF904054}"
EndProject
Project("{FAE04EC0-301F-11D3-BF4B-00C04F79EFBC}") = "DayFour", "DayFour\DayFour.csproj", "{1A9B55FD-8FC8-4AE9-BC71-DCE2A8EB8E78}"
EndProject
Project("{FAE04EC0-301F-11D3-BF4B-00C04F79EFBC}") = "DayFive", "DayFive\DayFive.csproj", "{1AF42D82-9BAA-42A9-A316-505ADC97EA49}"
EndProject
Project("{FAE04EC0-301F-11D3-BF4B-00C04F79EFBC}") = "DaySix", "DaySix\DaySix.csproj", "{01ACB11B-E7DB-4F37-91E9-0B22FC77EA17}"
EndProject
Project("{FAE04EC0-301F-11D3-BF4B-00C04F79EFBC}") = "DaySeven", "DaySeven\DaySeven.csproj", "{62B35C0F-79A9-465D-BD7D-B4D61DFB240A}"
EndProject
Project("{FAE04EC0-301F-11D3-BF4B-00C04F79EFBC}") = "DayEight", "DayEight\DayEight.csproj", "{A6B8D202-52E4-4321-B0E9-DBB92B686307}"
EndProject
Project("{FAE04EC0-301F-11D3-BF4B-00C04F79EFBC}") = "DayNine", "DayNine\DayNine.csproj", "{FCEE7F87-263F-48F1-8165-8F29D8D5F0A8}"
EndProject
Project("{FAE04EC0-301F-11D3-BF4B-00C04F79EFBC}") = "DayTen", "DayTen\DayTen.csproj", "{921887A1-B032-4C5E-A6C6-99B0EC4D47CC}"
EndProject
Project("{FAE04EC0-301F-11D3-BF4B-00C04F79EFBC}") = "DayEleven", "DayEleven\DayEleven.csproj", "{AD52B14D-58D9-4730-A139-2C4191D428EC}"
EndProject
Project("{FAE04EC0-301F-11D3-BF4B-00C04F79EFBC}") = "DayTwelve", "DayTwelve\DayTwelve.csproj", "{0D6CD529-E787-4245-9952-3D9504887121}"
EndProject
Project("{FAE04EC0-301F-11D3-BF4B-00C04F79EFBC}") = "DayThirteen", "DayThirteen\DayThirteen.csproj", "{3A0ADE8D-165A-40B8-82FE-67B69433823A}"
EndProject
Project("{FAE04EC0-301F-11D3-BF4B-00C04F79EFBC}") = "DayFourteen", "DayFourteen\DayFourteen.csproj", "{E5BC4672-7F4D-47A5-9F03-93AEBBB2F86A}"
EndProject
Global
	GlobalSection(SolutionConfigurationPlatforms) = preSolution
		Debug|Any CPU = Debug|Any CPU
		Release|Any CPU = Release|Any CPU
	EndGlobalSection
	GlobalSection(ProjectConfigurationPlatforms) = postSolution
		{C9BAE8F8-BCF0-491F-9986-4BE1D691045C}.Debug|Any CPU.ActiveCfg = Debug|Any CPU
		{C9BAE8F8-BCF0-491F-9986-4BE1D691045C}.Debug|Any CPU.Build.0 = Debug|Any CPU
		{C9BAE8F8-BCF0-491F-9986-4BE1D691045C}.Release|Any CPU.ActiveCfg = Release|Any CPU
		{C9BAE8F8-BCF0-491F-9986-4BE1D691045C}.Release|Any CPU.Build.0 = Release|Any CPU
		{42A8A203-FA8F-4F36-868E-618AA1A18A15}.Debug|Any CPU.ActiveCfg = Debug|Any CPU
		{42A8A203-FA8F-4F36-868E-618AA1A18A15}.Debug|Any CPU.Build.0 = Debug|Any CPU
		{42A8A203-FA8F-4F36-868E-618AA1A18A15}.Release|Any CPU.ActiveCfg = Release|Any CPU
		{42A8A203-FA8F-4F36-868E-618AA1A18A15}.Release|Any CPU.Build.0 = Release|Any CPU
		{F836728C-6476-4A34-8665-6FC7BF904054}.Debug|Any CPU.ActiveCfg = Debug|Any CPU
		{F836728C-6476-4A34-8665-6FC7BF904054}.Debug|Any CPU.Build.0 = Debug|Any CPU
		{F836728C-6476-4A34-8665-6FC7BF904054}.Release|Any CPU.ActiveCfg = Release|Any CPU
		{F836728C-6476-4A34-8665-6FC7BF904054}.Release|Any CPU.Build.0 = Release|Any CPU
		{1A9B55FD-8FC8-4AE9-BC71-DCE2A8EB8E78}.Debug|Any CPU.ActiveCfg = Debug|Any CPU
		{1A9B55FD-8FC8-4AE9-BC71-DCE2A8EB8E78}.Debug|Any CPU.Build.0 = Debug|Any CPU
		{1A9B55FD-8FC8-4AE9-BC71-DCE2A8EB8E78}.Release|Any CPU.ActiveCfg = Release|Any CPU
		{1A9B55FD-8FC8-4AE9-BC71-DCE2A8EB8E78}.Release|Any CPU.Build.0 = Release|Any CPU
		{1AF42D82-9BAA-42A9-A316-505ADC97EA49}.Debug|Any CPU.ActiveCfg = Debug|Any CPU
		{1AF42D82-9BAA-42A9-A316-505ADC97EA49}.Debug|Any CPU.Build.0 = Debug|Any CPU
		{1AF42D82-9BAA-42A9-A316-505ADC97EA49}.Release|Any CPU.ActiveCfg = Release|Any CPU
		{1AF42D82-9BAA-42A9-A316-505ADC97EA49}.Release|Any CPU.Build.0 = Release|Any CPU
		{01ACB11B-E7DB-4F37-91E9-0B22FC77EA17}.Debug|Any CPU.ActiveCfg = Debug|Any CPU
		{01ACB11B-E7DB-4F37-91E9-0B22FC77EA17}.Debug|Any CPU.Build.0 = Debug|Any CPU
		{01ACB11B-E7DB-4F37-91E9-0B22FC77EA17}.Release|Any CPU.ActiveCfg = Release|Any CPU
		{01ACB11B-E7DB-4F37-91E9-0B22FC77EA17}.Release|Any CPU.Build.0 = Release|Any CPU
		{62B35C0F-79A9-465D-BD7D-B4D61DFB240A}.Debug|Any CPU.ActiveCfg = Debug|Any CPU
		{62B35C0F-79A9-465D-BD7D-B4D61DFB240A}.Debug|Any CPU.Build.0 = Debug|Any CPU
		{62B35C0F-79A9-465D-BD7D-B4D61DFB240A}.Release|Any CPU.ActiveCfg = Release|Any CPU
		{62B35C0F-79A9-465D-BD7D-B4D61DFB240A}.Release|Any CPU.Build.0 = Release|Any CPU
		{A6B8D202-52E4-4321-B0E9-DBB92B686307}.Debug|Any CPU.ActiveCfg = Debug|Any CPU
		{A6B8D202-52E4-4321-B0E9-DBB92B686307}.Debug|Any CPU.Build.0 = Debug|Any CPU
		{A6B8D202-52E4-4321-B0E9-DBB92B686307}.Release|Any CPU.ActiveCfg = Release|Any CPU
		{A6B8D202-52E4-4321-B0E9-DBB92B686307}.Release|Any CPU.Build.0 = Release|Any CPU
		{FCEE7F87-263F-48F1-8165-8F29D8D5F0A8}.Debug|Any CPU.ActiveCfg = Debug|Any CPU
		{FCEE7F87-263F-48F1-8165-8F29D8D5F0A8}.Debug|Any CPU.Build.0 = Debug|Any CPU
		{FCEE7F87-263F-48F1-8165-8F29D8D5F0A8}.Release|Any CPU.ActiveCfg = Release|Any CPU
		{FCEE7F87-263F-48F1-8165-8F29D8D5F0A8}.Release|Any CPU.Build.0 = Release|Any CPU
		{921887A1-B032-4C5E-A6C6-99B0EC4D47CC}.Debug|Any CPU.ActiveCfg = Debug|Any CPU
		{921887A1-B032-4C5E-A6C6-99B0EC4D47CC}.Debug|Any CPU.Build.0 = Debug|Any CPU
		{921887A1-B032-4C5E-A6C6-99B0EC4D47CC}.Release|Any CPU.ActiveCfg = Release|Any CPU
		{921887A1-B032-4C5E-A6C6-99B0EC4D47CC}.Release|Any CPU.Build.0 = Release|Any CPU
	EndGlobalSection
	GlobalSection(SolutionProperties) = preSolution
		HideSolutionNode = FALSE
	EndGlobalSection
EndGlobal
